// !$*UTF8*$!
{
	archiveVersion = 1;
	classes = {
	};
	objectVersion = 56;
	objects = {

/* Begin PBXBuildFile section */
		6504ADAE0A14916B04168B9C /* Pods_TpCloneMobileApp.framework in Frameworks */ = {isa = PBXBuildFile; fileRef = 66E336850ACF8465DF1ABC1C /* Pods_TpCloneMobileApp.framework */; };
		760130472B69F0F300C79D8A /* AppDelegate.swift in Sources */ = {isa = PBXBuildFile; fileRef = 760130462B69F0F300C79D8A /* AppDelegate.swift */; };
		760130492B69F0F300C79D8A /* SceneDelegate.swift in Sources */ = {isa = PBXBuildFile; fileRef = 760130482B69F0F300C79D8A /* SceneDelegate.swift */; };
		7601304B2B69F0F300C79D8A /* ViewController.swift in Sources */ = {isa = PBXBuildFile; fileRef = 7601304A2B69F0F300C79D8A /* ViewController.swift */; };
		7601304E2B69F0F300C79D8A /* Main.storyboard in Resources */ = {isa = PBXBuildFile; fileRef = 7601304C2B69F0F300C79D8A /* Main.storyboard */; };
		760130502B69F0F400C79D8A /* Assets.xcassets in Resources */ = {isa = PBXBuildFile; fileRef = 7601304F2B69F0F400C79D8A /* Assets.xcassets */; };
		760130532B69F0F400C79D8A /* LaunchScreen.storyboard in Resources */ = {isa = PBXBuildFile; fileRef = 760130512B69F0F400C79D8A /* LaunchScreen.storyboard */; };
/* End PBXBuildFile section */

/* Begin PBXFileReference section */
		15032B9DF1B2CE0DC0A94E41 /* Pods-TpCloneMobileApp.debug.xcconfig */ = {isa = PBXFileReference; includeInIndex = 1; lastKnownFileType = text.xcconfig; name = "Pods-TpCloneMobileApp.debug.xcconfig"; path = "Target Support Files/Pods-TpCloneMobileApp/Pods-TpCloneMobileApp.debug.xcconfig"; sourceTree = "<group>"; };
		66E336850ACF8465DF1ABC1C /* Pods_TpCloneMobileApp.framework */ = {isa = PBXFileReference; explicitFileType = wrapper.framework; includeInIndex = 0; path = Pods_TpCloneMobileApp.framework; sourceTree = BUILT_PRODUCTS_DIR; };
		760130432B69F0F300C79D8A /* TpCloneMobileApp.app */ = {isa = PBXFileReference; explicitFileType = wrapper.application; includeInIndex = 0; path = TpCloneMobileApp.app; sourceTree = BUILT_PRODUCTS_DIR; };
		760130462B69F0F300C79D8A /* AppDelegate.swift */ = {isa = PBXFileReference; lastKnownFileType = sourcecode.swift; path = AppDelegate.swift; sourceTree = "<group>"; };
		760130482B69F0F300C79D8A /* SceneDelegate.swift */ = {isa = PBXFileReference; lastKnownFileType = sourcecode.swift; path = SceneDelegate.swift; sourceTree = "<group>"; };
		7601304A2B69F0F300C79D8A /* ViewController.swift */ = {isa = PBXFileReference; lastKnownFileType = sourcecode.swift; path = ViewController.swift; sourceTree = "<group>"; };
		7601304D2B69F0F300C79D8A /* Base */ = {isa = PBXFileReference; lastKnownFileType = file.storyboard; name = Base; path = Base.lproj/Main.storyboard; sourceTree = "<group>"; };
		7601304F2B69F0F400C79D8A /* Assets.xcassets */ = {isa = PBXFileReference; lastKnownFileType = folder.assetcatalog; path = Assets.xcassets; sourceTree = "<group>"; };
		760130522B69F0F400C79D8A /* Base */ = {isa = PBXFileReference; lastKnownFileType = file.storyboard; name = Base; path = Base.lproj/LaunchScreen.storyboard; sourceTree = "<group>"; };
		760130542B69F0F400C79D8A /* Info.plist */ = {isa = PBXFileReference; lastKnownFileType = text.plist.xml; path = Info.plist; sourceTree = "<group>"; };
		8C8D293ED39072E3281EB235 /* Pods-TpCloneMobileApp.release.xcconfig */ = {isa = PBXFileReference; includeInIndex = 1; lastKnownFileType = text.xcconfig; name = "Pods-TpCloneMobileApp.release.xcconfig"; path = "Target Support Files/Pods-TpCloneMobileApp/Pods-TpCloneMobileApp.release.xcconfig"; sourceTree = "<group>"; };
/* End PBXFileReference section */

/* Begin PBXFrameworksBuildPhase section */
		760130402B69F0F300C79D8A /* Frameworks */ = {
			isa = PBXFrameworksBuildPhase;
			buildActionMask = 2147483647;
			files = (
				6504ADAE0A14916B04168B9C /* Pods_TpCloneMobileApp.framework in Frameworks */,
			);
			runOnlyForDeploymentPostprocessing = 0;
		};
/* End PBXFrameworksBuildPhase section */

/* Begin PBXGroup section */
		3669F6BF5375E4E6059B7E66 /* Pods */ = {
			isa = PBXGroup;
			children = (
				15032B9DF1B2CE0DC0A94E41 /* Pods-TpCloneMobileApp.debug.xcconfig */,
				8C8D293ED39072E3281EB235 /* Pods-TpCloneMobileApp.release.xcconfig */,
			);
			name = Pods;
			path = Pods;
			sourceTree = "<group>";
		};
		7601303A2B69F0F300C79D8A = {
			isa = PBXGroup;
			children = (
				760130452B69F0F300C79D8A /* TpCloneMobileApp */,
				760130442B69F0F300C79D8A /* Products */,
				3669F6BF5375E4E6059B7E66 /* Pods */,
				9201F648D932051353C8D579 /* Frameworks */,
			);
			sourceTree = "<group>";
		};
		760130442B69F0F300C79D8A /* Products */ = {
			isa = PBXGroup;
			children = (
				760130432B69F0F300C79D8A /* TpCloneMobileApp.app */,
			);
			name = Products;
			sourceTree = "<group>";
		};
		760130452B69F0F300C79D8A /* TpCloneMobileApp */ = {
			isa = PBXGroup;
			children = (
				760130462B69F0F300C79D8A /* AppDelegate.swift */,
				760130482B69F0F300C79D8A /* SceneDelegate.swift */,
				7601304A2B69F0F300C79D8A /* ViewController.swift */,
				7601304C2B69F0F300C79D8A /* Main.storyboard */,
				7601304F2B69F0F400C79D8A /* Assets.xcassets */,
				760130512B69F0F400C79D8A /* LaunchScreen.storyboard */,
				760130542B69F0F400C79D8A /* Info.plist */,
			);
			path = TpCloneMobileApp;
			sourceTree = "<group>";
		};
		9201F648D932051353C8D579 /* Frameworks */ = {
			isa = PBXGroup;
			children = (
				66E336850ACF8465DF1ABC1C /* Pods_TpCloneMobileApp.framework */,
			);
			name = Frameworks;
			sourceTree = "<group>";
		};
/* End PBXGroup section */

/* Begin PBXNativeTarget section */
		760130422B69F0F300C79D8A /* TpCloneMobileApp */ = {
			isa = PBXNativeTarget;
			buildConfigurationList = 760130572B69F0F400C79D8A /* Build configuration list for PBXNativeTarget "TpCloneMobileApp" */;
			buildPhases = (
				BD782427474A38590BB62A19 /* [CP] Check Pods Manifest.lock */,
				7601303F2B69F0F300C79D8A /* Sources */,
				760130402B69F0F300C79D8A /* Frameworks */,
				760130412B69F0F300C79D8A /* Resources */,
			);
			buildRules = (
			);
			dependencies = (
			);
			name = TpCloneMobileApp;
			productName = TpCloneMobileApp;
			productReference = 760130432B69F0F300C79D8A /* TpCloneMobileApp.app */;
			productType = "com.apple.product-type.application";
		};
/* End PBXNativeTarget section */

/* Begin PBXProject section */
		7601303B2B69F0F300C79D8A /* Project object */ = {
			isa = PBXProject;
			attributes = {
				BuildIndependentTargetsInParallel = 1;
				LastSwiftUpdateCheck = 1500;
				LastUpgradeCheck = 1500;
				TargetAttributes = {
					760130422B69F0F300C79D8A = {
						CreatedOnToolsVersion = 15.0;
					};
				};
			};
			buildConfigurationList = 7601303E2B69F0F300C79D8A /* Build configuration list for PBXProject "TpCloneMobileApp" */;
			compatibilityVersion = "Xcode 14.0";
			developmentRegion = en;
			hasScannedForEncodings = 0;
			knownRegions = (
				en,
				Base,
			);
			mainGroup = 7601303A2B69F0F300C79D8A;
			productRefGroup = 760130442B69F0F300C79D8A /* Products */;
			projectDirPath = "";
			projectRoot = "";
			targets = (
				760130422B69F0F300C79D8A /* TpCloneMobileApp */,
			);
		};
/* End PBXProject section */

/* Begin PBXResourcesBuildPhase section */
		760130412B69F0F300C79D8A /* Resources */ = {
			isa = PBXResourcesBuildPhase;
			buildActionMask = 2147483647;
			files = (
				760130532B69F0F400C79D8A /* LaunchScreen.storyboard in Resources */,
				760130502B69F0F400C79D8A /* Assets.xcassets in Resources */,
				7601304E2B69F0F300C79D8A /* Main.storyboard in Resources */,
			);
			runOnlyForDeploymentPostprocessing = 0;
		};
/* End PBXResourcesBuildPhase section */

/* Begin PBXShellScriptBuildPhase section */
		BD782427474A38590BB62A19 /* [CP] Check Pods Manifest.lock */ = {
			isa = PBXShellScriptBuildPhase;
			buildActionMask = 2147483647;
			files = (
			);
			inputFileListPaths = (
			);
			inputPaths = (
				"${PODS_PODFILE_DIR_PATH}/Podfile.lock",
				"${PODS_ROOT}/Manifest.lock",
			);
			name = "[CP] Check Pods Manifest.lock";
			outputFileListPaths = (
			);
			outputPaths = (
				"$(DERIVED_FILE_DIR)/Pods-TpCloneMobileApp-checkManifestLockResult.txt",
			);
			runOnlyForDeploymentPostprocessing = 0;
			shellPath = /bin/sh;
			shellScript = "diff \"${PODS_PODFILE_DIR_PATH}/Podfile.lock\" \"${PODS_ROOT}/Manifest.lock\" > /dev/null\nif [ $? != 0 ] ; then\n    # print error to STDERR\n    echo \"error: The sandbox is not in sync with the Podfile.lock. Run 'pod install' or update your CocoaPods installation.\" >&2\n    exit 1\nfi\n# This output is used by Xcode 'outputs' to avoid re-running this script phase.\necho \"SUCCESS\" > \"${SCRIPT_OUTPUT_FILE_0}\"\n";
			showEnvVarsInLog = 0;
		};
/* End PBXShellScriptBuildPhase section */

/* Begin PBXSourcesBuildPhase section */
		7601303F2B69F0F300C79D8A /* Sources */ = {
			isa = PBXSourcesBuildPhase;
			buildActionMask = 2147483647;
			files = (
				7601304B2B69F0F300C79D8A /* ViewController.swift in Sources */,
				760130472B69F0F300C79D8A /* AppDelegate.swift in Sources */,
				760130492B69F0F300C79D8A /* SceneDelegate.swift in Sources */,
			);
			runOnlyForDeploymentPostprocessing = 0;
		};
/* End PBXSourcesBuildPhase section */

/* Begin PBXVariantGroup section */
		7601304C2B69F0F300C79D8A /* Main.storyboard */ = {
			isa = PBXVariantGroup;
			children = (
				7601304D2B69F0F300C79D8A /* Base */,
			);
			name = Main.storyboard;
			sourceTree = "<group>";
		};
		760130512B69F0F400C79D8A /* LaunchScreen.storyboard */ = {
			isa = PBXVariantGroup;
			children = (
				760130522B69F0F400C79D8A /* Base */,
			);
			name = LaunchScreen.storyboard;
			sourceTree = "<group>";
		};
/* End PBXVariantGroup section */

/* Begin XCBuildConfiguration section */
		760130552B69F0F400C79D8A /* Debug */ = {
			isa = XCBuildConfiguration;
			buildSettings = {
				ALWAYS_SEARCH_USER_PATHS = NO;
				ASSETCATALOG_COMPILER_GENERATE_SWIFT_ASSET_SYMBOL_EXTENSIONS = YES;
				CLANG_ANALYZER_NONNULL = YES;
				CLANG_ANALYZER_NUMBER_OBJECT_CONVERSION = YES_AGGRESSIVE;
				CLANG_CXX_LANGUAGE_STANDARD = "gnu++20";
				CLANG_ENABLE_MODULES = YES;
				CLANG_ENABLE_OBJC_ARC = YES;
				CLANG_ENABLE_OBJC_WEAK = YES;
				CLANG_WARN_BLOCK_CAPTURE_AUTORELEASING = YES;
				CLANG_WARN_BOOL_CONVERSION = YES;
				CLANG_WARN_COMMA = YES;
				CLANG_WARN_CONSTANT_CONVERSION = YES;
				CLANG_WARN_DEPRECATED_OBJC_IMPLEMENTATIONS = YES;
				CLANG_WARN_DIRECT_OBJC_ISA_USAGE = YES_ERROR;
				CLANG_WARN_DOCUMENTATION_COMMENTS = YES;
				CLANG_WARN_EMPTY_BODY = YES;
				CLANG_WARN_ENUM_CONVERSION = YES;
				CLANG_WARN_INFINITE_RECURSION = YES;
				CLANG_WARN_INT_CONVERSION = YES;
				CLANG_WARN_NON_LITERAL_NULL_CONVERSION = YES;
				CLANG_WARN_OBJC_IMPLICIT_RETAIN_SELF = YES;
				CLANG_WARN_OBJC_LITERAL_CONVERSION = YES;
				CLANG_WARN_OBJC_ROOT_CLASS = YES_ERROR;
				CLANG_WARN_QUOTED_INCLUDE_IN_FRAMEWORK_HEADER = YES;
				CLANG_WARN_RANGE_LOOP_ANALYSIS = YES;
				CLANG_WARN_STRICT_PROTOTYPES = YES;
				CLANG_WARN_SUSPICIOUS_MOVE = YES;
				CLANG_WARN_UNGUARDED_AVAILABILITY = YES_AGGRESSIVE;
				CLANG_WARN_UNREACHABLE_CODE = YES;
				CLANG_WARN__DUPLICATE_METHOD_MATCH = YES;
				COPY_PHASE_STRIP = NO;
				DEBUG_INFORMATION_FORMAT = dwarf;
				ENABLE_STRICT_OBJC_MSGSEND = YES;
				ENABLE_TESTABILITY = YES;
				ENABLE_USER_SCRIPT_SANDBOXING = YES;
				GCC_C_LANGUAGE_STANDARD = gnu17;
				GCC_DYNAMIC_NO_PIC = NO;
				GCC_NO_COMMON_BLOCKS = YES;
				GCC_OPTIMIZATION_LEVEL = 0;
				GCC_PREPROCESSOR_DEFINITIONS = (
					"DEBUG=1",
					"$(inherited)",
				);
				GCC_WARN_64_TO_32_BIT_CONVERSION = YES;
				GCC_WARN_ABOUT_RETURN_TYPE = YES_ERROR;
				GCC_WARN_UNDECLARED_SELECTOR = YES;
				GCC_WARN_UNINITIALIZED_AUTOS = YES_AGGRESSIVE;
				GCC_WARN_UNUSED_FUNCTION = YES;
				GCC_WARN_UNUSED_VARIABLE = YES;
				IPHONEOS_DEPLOYMENT_TARGET = 17.0;
				LOCALIZATION_PREFERS_STRING_CATALOGS = YES;
				MTL_ENABLE_DEBUG_INFO = INCLUDE_SOURCE;
				MTL_FAST_MATH = YES;
				ONLY_ACTIVE_ARCH = YES;
				SDKROOT = iphoneos;
				SWIFT_ACTIVE_COMPILATION_CONDITIONS = "DEBUG $(inherited)";
				SWIFT_OPTIMIZATION_LEVEL = "-Onone";
			};
			name = Debug;
		};
		760130562B69F0F400C79D8A /* Release */ = {
			isa = XCBuildConfiguration;
			buildSettings = {
				ALWAYS_SEARCH_USER_PATHS = NO;
				ASSETCATALOG_COMPILER_GENERATE_SWIFT_ASSET_SYMBOL_EXTENSIONS = YES;
				CLANG_ANALYZER_NONNULL = YES;
				CLANG_ANALYZER_NUMBER_OBJECT_CONVERSION = YES_AGGRESSIVE;
				CLANG_CXX_LANGUAGE_STANDARD = "gnu++20";
				CLANG_ENABLE_MODULES = YES;
				CLANG_ENABLE_OBJC_ARC = YES;
				CLANG_ENABLE_OBJC_WEAK = YES;
				CLANG_WARN_BLOCK_CAPTURE_AUTORELEASING = YES;
				CLANG_WARN_BOOL_CONVERSION = YES;
				CLANG_WARN_COMMA = YES;
				CLANG_WARN_CONSTANT_CONVERSION = YES;
				CLANG_WARN_DEPRECATED_OBJC_IMPLEMENTATIONS = YES;
				CLANG_WARN_DIRECT_OBJC_ISA_USAGE = YES_ERROR;
				CLANG_WARN_DOCUMENTATION_COMMENTS = YES;
				CLANG_WARN_EMPTY_BODY = YES;
				CLANG_WARN_ENUM_CONVERSION = YES;
				CLANG_WARN_INFINITE_RECURSION = YES;
				CLANG_WARN_INT_CONVERSION = YES;
				CLANG_WARN_NON_LITERAL_NULL_CONVERSION = YES;
				CLANG_WARN_OBJC_IMPLICIT_RETAIN_SELF = YES;
				CLANG_WARN_OBJC_LITERAL_CONVERSION = YES;
				CLANG_WARN_OBJC_ROOT_CLASS = YES_ERROR;
				CLANG_WARN_QUOTED_INCLUDE_IN_FRAMEWORK_HEADER = YES;
				CLANG_WARN_RANGE_LOOP_ANALYSIS = YES;
				CLANG_WARN_STRICT_PROTOTYPES = YES;
				CLANG_WARN_SUSPICIOUS_MOVE = YES;
				CLANG_WARN_UNGUARDED_AVAILABILITY = YES_AGGRESSIVE;
				CLANG_WARN_UNREACHABLE_CODE = YES;
				CLANG_WARN__DUPLICATE_METHOD_MATCH = YES;
				COPY_PHASE_STRIP = NO;
				DEBUG_INFORMATION_FORMAT = "dwarf-with-dsym";
				ENABLE_NS_ASSERTIONS = NO;
				ENABLE_STRICT_OBJC_MSGSEND = YES;
				ENABLE_USER_SCRIPT_SANDBOXING = YES;
				GCC_C_LANGUAGE_STANDARD = gnu17;
				GCC_NO_COMMON_BLOCKS = YES;
				GCC_WARN_64_TO_32_BIT_CONVERSION = YES;
				GCC_WARN_ABOUT_RETURN_TYPE = YES_ERROR;
				GCC_WARN_UNDECLARED_SELECTOR = YES;
				GCC_WARN_UNINITIALIZED_AUTOS = YES_AGGRESSIVE;
				GCC_WARN_UNUSED_FUNCTION = YES;
				GCC_WARN_UNUSED_VARIABLE = YES;
				IPHONEOS_DEPLOYMENT_TARGET = 17.0;
				LOCALIZATION_PREFERS_STRING_CATALOGS = YES;
				MTL_ENABLE_DEBUG_INFO = NO;
				MTL_FAST_MATH = YES;
				SDKROOT = iphoneos;
				SWIFT_COMPILATION_MODE = wholemodule;
				VALIDATE_PRODUCT = YES;
			};
			name = Release;
		};
		760130582B69F0F400C79D8A /* Debug */ = {
			isa = XCBuildConfiguration;
			baseConfigurationReference = 15032B9DF1B2CE0DC0A94E41 /* Pods-TpCloneMobileApp.debug.xcconfig */;
			buildSettings = {
				ASSETCATALOG_COMPILER_APPICON_NAME = AppIcon;
				ASSETCATALOG_COMPILER_GLOBAL_ACCENT_COLOR_NAME = AccentColor;
				CODE_SIGN_STYLE = Automatic;
				CURRENT_PROJECT_VERSION = 1;
				GENERATE_INFOPLIST_FILE = YES;
				INFOPLIST_FILE = TpCloneMobileApp/Info.plist;
				INFOPLIST_KEY_UIApplicationSupportsIndirectInputEvents = YES;
				INFOPLIST_KEY_UILaunchStoryboardName = LaunchScreen;
				INFOPLIST_KEY_UIMainStoryboardFile = Main;
				INFOPLIST_KEY_UISupportedInterfaceOrientations_iPad = "UIInterfaceOrientationPortrait UIInterfaceOrientationPortraitUpsideDown UIInterfaceOrientationLandscapeLeft UIInterfaceOrientationLandscapeRight";
				INFOPLIST_KEY_UISupportedInterfaceOrientations_iPhone = "UIInterfaceOrientationPortrait UIInterfaceOrientationLandscapeLeft UIInterfaceOrientationLandscapeRight";
				LD_RUNPATH_SEARCH_PATHS = (
					"$(inherited)",
					"@executable_path/Frameworks",
				);
				MARKETING_VERSION = 1.0;
				PRODUCT_BUNDLE_IDENTIFIER = appTP.clone.TpCloneMobileApp;
				PRODUCT_NAME = "$(TARGET_NAME)";
				SWIFT_EMIT_LOC_STRINGS = YES;
				SWIFT_VERSION = 5.0;
				TARGETED_DEVICE_FAMILY = "1,2";
			};
			name = Debug;
		};
		760130592B69F0F400C79D8A /* Release */ = {
			isa = XCBuildConfiguration;
			baseConfigurationReference = 8C8D293ED39072E3281EB235 /* Pods-TpCloneMobileApp.release.xcconfig */;
			buildSettings = {
				ASSETCATALOG_COMPILER_APPICON_NAME = AppIcon;
				ASSETCATALOG_COMPILER_GLOBAL_ACCENT_COLOR_NAME = AccentColor;
				CODE_SIGN_STYLE = Automatic;
				CURRENT_PROJECT_VERSION = 1;
				GENERATE_INFOPLIST_FILE = YES;
				INFOPLIST_FILE = TpCloneMobileApp/Info.plist;
				INFOPLIST_KEY_UIApplicationSupportsIndirectInputEvents = YES;
				INFOPLIST_KEY_UILaunchStoryboardName = LaunchScreen;
				INFOPLIST_KEY_UIMainStoryboardFile = Main;
				INFOPLIST_KEY_UISupportedInterfaceOrientations_iPad = "UIInterfaceOrientationPortrait UIInterfaceOrientationPortraitUpsideDown UIInterfaceOrientationLandscapeLeft UIInterfaceOrientationLandscapeRight";
				INFOPLIST_KEY_UISupportedInterfaceOrientations_iPhone = "UIInterfaceOrientationPortrait UIInterfaceOrientationLandscapeLeft UIInterfaceOrientationLandscapeRight";
				LD_RUNPATH_SEARCH_PATHS = (
					"$(inherited)",
					"@executable_path/Frameworks",
				);
				MARKETING_VERSION = 1.0;
				PRODUCT_BUNDLE_IDENTIFIER = appTP.clone.TpCloneMobileApp;
				PRODUCT_NAME = "$(TARGET_NAME)";
				SWIFT_EMIT_LOC_STRINGS = YES;
				SWIFT_VERSION = 5.0;
				TARGETED_DEVICE_FAMILY = "1,2";
			};
			name = Release;
		};
/* End XCBuildConfiguration section */

/* Begin XCConfigurationList section */
		7601303E2B69F0F300C79D8A /* Build configuration list for PBXProject "TpCloneMobileApp" */ = {
			isa = XCConfigurationList;
			buildConfigurations = (
				760130552B69F0F400C79D8A /* Debug */,
				760130562B69F0F400C79D8A /* Release */,
			);
			defaultConfigurationIsVisible = 0;
			defaultConfigurationName = Release;
		};
		760130572B69F0F400C79D8A /* Build configuration list for PBXNativeTarget "TpCloneMobileApp" */ = {
			isa = XCConfigurationList;
			buildConfigurations = (
				760130582B69F0F400C79D8A /* Debug */,
				760130592B69F0F400C79D8A /* Release */,
			);
			defaultConfigurationIsVisible = 0;
			defaultConfigurationName = Release;
		};
/* End XCConfigurationList section */
	};
	rootObject = 7601303B2B69F0F300C79D8A /* Project object */;
}
