// !$*UTF8*$!
{
	archiveVersion = 1;
	classes = {
	};
	objectVersion = 56;
	objects = {

/* Begin PBXBuildFile section */
		4773CC872B7541D100DB7EC1 /* TabTransferTableViewCell.swift in Sources */ = {isa = PBXBuildFile; fileRef = 4773CC852B7541D100DB7EC1 /* TabTransferTableViewCell.swift */; };
		4773CC882B7541D100DB7EC1 /* TabTransferTableViewCell.xib in Resources */ = {isa = PBXBuildFile; fileRef = 4773CC862B7541D100DB7EC1 /* TabTransferTableViewCell.xib */; };
		4773CC8B2B7541EA00DB7EC1 /* TabTransferCollectionViewCell.swift in Sources */ = {isa = PBXBuildFile; fileRef = 4773CC892B7541EA00DB7EC1 /* TabTransferCollectionViewCell.swift */; };
		4773CC8C2B7541EA00DB7EC1 /* TabTransferCollectionViewCell.xib in Resources */ = {isa = PBXBuildFile; fileRef = 4773CC8A2B7541EA00DB7EC1 /* TabTransferCollectionViewCell.xib */; };
		479A6CEE2B708CD200D9E495 /* TabTransferViewController.swift in Sources */ = {isa = PBXBuildFile; fileRef = 479A6CEC2B708CD200D9E495 /* TabTransferViewController.swift */; };
		479A6CEF2B708CD200D9E495 /* TabTransferViewController.xib in Resources */ = {isa = PBXBuildFile; fileRef = 479A6CED2B708CD200D9E495 /* TabTransferViewController.xib */; };
		479A6CF32B708D0700D9E495 /* TabSettingViewController.swift in Sources */ = {isa = PBXBuildFile; fileRef = 479A6CF12B708D0700D9E495 /* TabSettingViewController.swift */; };
		479A6CF42B708D0700D9E495 /* TabSettingViewController.xib in Resources */ = {isa = PBXBuildFile; fileRef = 479A6CF22B708D0700D9E495 /* TabSettingViewController.xib */; };
		479A6CF92B708D2800D9E495 /* TabHomeViewController.swift in Sources */ = {isa = PBXBuildFile; fileRef = 479A6CF72B708D2800D9E495 /* TabHomeViewController.swift */; };
		479A6CFA2B708D2800D9E495 /* TabHomeViewController.xib in Resources */ = {isa = PBXBuildFile; fileRef = 479A6CF82B708D2800D9E495 /* TabHomeViewController.xib */; };
		479A6CFD2B708D3200D9E495 /* TabSearchViewController.swift in Sources */ = {isa = PBXBuildFile; fileRef = 479A6CFB2B708D3200D9E495 /* TabSearchViewController.swift */; };
		479A6CFE2B708D3200D9E495 /* TabSearchViewController.xib in Resources */ = {isa = PBXBuildFile; fileRef = 479A6CFC2B708D3200D9E495 /* TabSearchViewController.xib */; };
		479A6D012B708F2400D9E495 /* tabbar_qr.gif in Resources */ = {isa = PBXBuildFile; fileRef = 479A6D002B708F2400D9E495 /* tabbar_qr.gif */; };
		47A132EF2B820BB300ADC776 /* SettingInforTableViewCell.swift in Sources */ = {isa = PBXBuildFile; fileRef = 47A132ED2B820BB300ADC776 /* SettingInforTableViewCell.swift */; };
		47A132F02B820BB300ADC776 /* SettingInforTableViewCell.xib in Resources */ = {isa = PBXBuildFile; fileRef = 47A132EE2B820BB300ADC776 /* SettingInforTableViewCell.xib */; };
		47A132F32B820BC600ADC776 /* TopSettingTableViewCell.swift in Sources */ = {isa = PBXBuildFile; fileRef = 47A132F12B820BC600ADC776 /* TopSettingTableViewCell.swift */; };
		47A132F42B820BC600ADC776 /* TopSettingTableViewCell.xib in Resources */ = {isa = PBXBuildFile; fileRef = 47A132F22B820BC600ADC776 /* TopSettingTableViewCell.xib */; };
		47A132FA2B820D6E00ADC776 /* SettingCellTableViewCell.swift in Sources */ = {isa = PBXBuildFile; fileRef = 47A132F82B820D6E00ADC776 /* SettingCellTableViewCell.swift */; };
		47A132FB2B820D6E00ADC776 /* SettingCellTableViewCell.xib in Resources */ = {isa = PBXBuildFile; fileRef = 47A132F92B820D6E00ADC776 /* SettingCellTableViewCell.xib */; };
		47A132FF2B820E1600ADC776 /* SettingSearchTableViewCell.swift in Sources */ = {isa = PBXBuildFile; fileRef = 47A132FD2B820E1600ADC776 /* SettingSearchTableViewCell.swift */; };
		47A133002B820E1600ADC776 /* SettingSearchTableViewCell.xib in Resources */ = {isa = PBXBuildFile; fileRef = 47A132FE2B820E1600ADC776 /* SettingSearchTableViewCell.xib */; };
		47A133042B820FC300ADC776 /* LogoutTableViewCell.swift in Sources */ = {isa = PBXBuildFile; fileRef = 47A133022B820FC300ADC776 /* LogoutTableViewCell.swift */; };
		47A133052B820FC300ADC776 /* LogoutTableViewCell.xib in Resources */ = {isa = PBXBuildFile; fileRef = 47A133032B820FC300ADC776 /* LogoutTableViewCell.xib */; };
		47D2B0A42B9C564100C42E3A /* AdvertisementCollectionViewCell.swift in Sources */ = {isa = PBXBuildFile; fileRef = 47D2B0A22B9C564100C42E3A /* AdvertisementCollectionViewCell.swift */; };
		47D2B0A52B9C564100C42E3A /* AdvertisementCollectionViewCell.xib in Resources */ = {isa = PBXBuildFile; fileRef = 47D2B0A32B9C564100C42E3A /* AdvertisementCollectionViewCell.xib */; };
		47D2B0A82B9C595500C42E3A /* AccountCollectionViewCell.swift in Sources */ = {isa = PBXBuildFile; fileRef = 47D2B0A62B9C595500C42E3A /* AccountCollectionViewCell.swift */; };
		47D2B0A92B9C595500C42E3A /* AccountCollectionViewCell.xib in Resources */ = {isa = PBXBuildFile; fileRef = 47D2B0A72B9C595500C42E3A /* AccountCollectionViewCell.xib */; };
		47F2C1432B6CA2CD0017D932 /* AppNavigator.swift in Sources */ = {isa = PBXBuildFile; fileRef = 47F2C1422B6CA2CD0017D932 /* AppNavigator.swift */; };
		47F2C1452B6CA3040017D932 /* Storage.swift in Sources */ = {isa = PBXBuildFile; fileRef = 47F2C1442B6CA3040017D932 /* Storage.swift */; };
		47F2C16D2B6CA3B40017D932 /* UIViewExtension.swift in Sources */ = {isa = PBXBuildFile; fileRef = 47F2C1662B6CA3B40017D932 /* UIViewExtension.swift */; };
		47F2C16E2B6CA3B40017D932 /* DateExtension.swift in Sources */ = {isa = PBXBuildFile; fileRef = 47F2C1672B6CA3B40017D932 /* DateExtension.swift */; };
		47F2C16F2B6CA3B40017D932 /* UIViewControllerExtension.swift in Sources */ = {isa = PBXBuildFile; fileRef = 47F2C1682B6CA3B40017D932 /* UIViewControllerExtension.swift */; };
		47F2C1702B6CA3B40017D932 /* UIColorExtension.swift in Sources */ = {isa = PBXBuildFile; fileRef = 47F2C1692B6CA3B40017D932 /* UIColorExtension.swift */; };
		47F2C1712B6CA3B40017D932 /* IntExtension.swift in Sources */ = {isa = PBXBuildFile; fileRef = 47F2C16A2B6CA3B40017D932 /* IntExtension.swift */; };
		47F2C1722B6CA3B40017D932 /* UIView+extentions.swift in Sources */ = {isa = PBXBuildFile; fileRef = 47F2C16B2B6CA3B40017D932 /* UIView+extentions.swift */; };
		47F2C1732B6CA3B40017D932 /* UIImageExtension.swift in Sources */ = {isa = PBXBuildFile; fileRef = 47F2C16C2B6CA3B40017D932 /* UIImageExtension.swift */; };
		47F2C1782B6CA3DF0017D932 /* PickTimeView.swift in Sources */ = {isa = PBXBuildFile; fileRef = 47F2C1762B6CA3DF0017D932 /* PickTimeView.swift */; };
		47F2C1792B6CA3DF0017D932 /* PickTimeView.xib in Resources */ = {isa = PBXBuildFile; fileRef = 47F2C1772B6CA3DF0017D932 /* PickTimeView.xib */; };
		47F2C17D2B6CA43E0017D932 /* CommonEnum.swift in Sources */ = {isa = PBXBuildFile; fileRef = 47F2C17C2B6CA43E0017D932 /* CommonEnum.swift */; };
		47F2C18D2B6CA4F10017D932 /* BaseViewController.swift in Sources */ = {isa = PBXBuildFile; fileRef = 47F2C18C2B6CA4F10017D932 /* BaseViewController.swift */; };
		47F2C1902B6CA51E0017D932 /* TabbarViewController.swift in Sources */ = {isa = PBXBuildFile; fileRef = 47F2C18F2B6CA51E0017D932 /* TabbarViewController.swift */; };
		47F2C1942B6CA5980017D932 /* LoginViewController.swift in Sources */ = {isa = PBXBuildFile; fileRef = 47F2C1922B6CA5980017D932 /* LoginViewController.swift */; };
		47F2C1952B6CA5980017D932 /* LoginViewController.xib in Resources */ = {isa = PBXBuildFile; fileRef = 47F2C1932B6CA5980017D932 /* LoginViewController.xib */; };
		47F2C19C2B6FCE290017D932 /* CommonConst.swift in Sources */ = {isa = PBXBuildFile; fileRef = 47F2C19B2B6FCE290017D932 /* CommonConst.swift */; };
		47F2C1BE2B6FD6C00017D932 /* CommonUtils.swift in Sources */ = {isa = PBXBuildFile; fileRef = 47F2C1BD2B6FD6C00017D932 /* CommonUtils.swift */; };
		47F2C1BF2B6FD95D0017D932 /* Tet_holiday.mp4 in Resources */ = {isa = PBXBuildFile; fileRef = 47F2C1822B6CA4B50017D932 /* Tet_holiday.mp4 */; };
		47F2C1C02B6FD9640017D932 /* Tet_holiday_eve_pre.mp4 in Resources */ = {isa = PBXBuildFile; fileRef = 47F2C1892B6CA4B60017D932 /* Tet_holiday_eve_pre.mp4 */; };
		47F2C1C12B6FD9640017D932 /* Tet_holiday_eve.mp4 in Resources */ = {isa = PBXBuildFile; fileRef = 47F2C1882B6CA4B60017D932 /* Tet_holiday_eve.mp4 */; };
		47F2C1D42B701C7C0017D932 /* CommonColor.swift in Sources */ = {isa = PBXBuildFile; fileRef = 47F2C1D32B701C7C0017D932 /* CommonColor.swift */; };
		760130472B69F0F300C79D8A /* AppDelegate.swift in Sources */ = {isa = PBXBuildFile; fileRef = 760130462B69F0F300C79D8A /* AppDelegate.swift */; };
		7601304B2B69F0F300C79D8A /* ViewController.swift in Sources */ = {isa = PBXBuildFile; fileRef = 7601304A2B69F0F300C79D8A /* ViewController.swift */; };
		7601304E2B69F0F300C79D8A /* Main.storyboard in Resources */ = {isa = PBXBuildFile; fileRef = 7601304C2B69F0F300C79D8A /* Main.storyboard */; };
		760130502B69F0F400C79D8A /* Assets.xcassets in Resources */ = {isa = PBXBuildFile; fileRef = 7601304F2B69F0F400C79D8A /* Assets.xcassets */; };
		760130532B69F0F400C79D8A /* LaunchScreen.storyboard in Resources */ = {isa = PBXBuildFile; fileRef = 760130512B69F0F400C79D8A /* LaunchScreen.storyboard */; };
		823D69AE2B97620B007C6476 /* TransactionDetailsViewController.swift in Sources */ = {isa = PBXBuildFile; fileRef = 823D69AC2B97620B007C6476 /* TransactionDetailsViewController.swift */; };
		823D69AF2B97620B007C6476 /* TransactionDetailsViewController.xib in Resources */ = {isa = PBXBuildFile; fileRef = 823D69AD2B97620B007C6476 /* TransactionDetailsViewController.xib */; };
		823D69B32B9786A0007C6476 /* TransferMoneyViewController.swift in Sources */ = {isa = PBXBuildFile; fileRef = 823D69B12B9786A0007C6476 /* TransferMoneyViewController.swift */; };
		823D69B42B9786A0007C6476 /* TransferMoneyViewController.xib in Resources */ = {isa = PBXBuildFile; fileRef = 823D69B22B9786A0007C6476 /* TransferMoneyViewController.xib */; };
		823D69B82B98AFB9007C6476 /* SearchTransactionViewController.swift in Sources */ = {isa = PBXBuildFile; fileRef = 823D69B62B98AFB9007C6476 /* SearchTransactionViewController.swift */; };
		823D69B92B98AFB9007C6476 /* SearchTransactionViewController.xib in Resources */ = {isa = PBXBuildFile; fileRef = 823D69B72B98AFB9007C6476 /* SearchTransactionViewController.xib */; };
		823D69BD2B9A228B007C6476 /* SearchTransactionTableViewCell.swift in Sources */ = {isa = PBXBuildFile; fileRef = 823D69BB2B9A228B007C6476 /* SearchTransactionTableViewCell.swift */; };
		823D69BE2B9A228B007C6476 /* SearchTransactionTableViewCell.xib in Resources */ = {isa = PBXBuildFile; fileRef = 823D69BC2B9A228B007C6476 /* SearchTransactionTableViewCell.xib */; };
/* End PBXBuildFile section */

/* Begin PBXFileReference section */
		4773CC852B7541D100DB7EC1 /* TabTransferTableViewCell.swift */ = {isa = PBXFileReference; lastKnownFileType = sourcecode.swift; path = TabTransferTableViewCell.swift; sourceTree = "<group>"; };
		4773CC862B7541D100DB7EC1 /* TabTransferTableViewCell.xib */ = {isa = PBXFileReference; lastKnownFileType = file.xib; path = TabTransferTableViewCell.xib; sourceTree = "<group>"; };
		4773CC892B7541EA00DB7EC1 /* TabTransferCollectionViewCell.swift */ = {isa = PBXFileReference; lastKnownFileType = sourcecode.swift; path = TabTransferCollectionViewCell.swift; sourceTree = "<group>"; };
		4773CC8A2B7541EA00DB7EC1 /* TabTransferCollectionViewCell.xib */ = {isa = PBXFileReference; lastKnownFileType = file.xib; path = TabTransferCollectionViewCell.xib; sourceTree = "<group>"; };
		479A6CEC2B708CD200D9E495 /* TabTransferViewController.swift */ = {isa = PBXFileReference; lastKnownFileType = sourcecode.swift; path = TabTransferViewController.swift; sourceTree = "<group>"; };
		479A6CED2B708CD200D9E495 /* TabTransferViewController.xib */ = {isa = PBXFileReference; lastKnownFileType = file.xib; path = TabTransferViewController.xib; sourceTree = "<group>"; };
		479A6CF12B708D0700D9E495 /* TabSettingViewController.swift */ = {isa = PBXFileReference; lastKnownFileType = sourcecode.swift; path = TabSettingViewController.swift; sourceTree = "<group>"; };
		479A6CF22B708D0700D9E495 /* TabSettingViewController.xib */ = {isa = PBXFileReference; lastKnownFileType = file.xib; path = TabSettingViewController.xib; sourceTree = "<group>"; };
		479A6CF72B708D2800D9E495 /* TabHomeViewController.swift */ = {isa = PBXFileReference; lastKnownFileType = sourcecode.swift; path = TabHomeViewController.swift; sourceTree = "<group>"; };
		479A6CF82B708D2800D9E495 /* TabHomeViewController.xib */ = {isa = PBXFileReference; lastKnownFileType = file.xib; path = TabHomeViewController.xib; sourceTree = "<group>"; };
		479A6CFB2B708D3200D9E495 /* TabSearchViewController.swift */ = {isa = PBXFileReference; lastKnownFileType = sourcecode.swift; path = TabSearchViewController.swift; sourceTree = "<group>"; };
		479A6CFC2B708D3200D9E495 /* TabSearchViewController.xib */ = {isa = PBXFileReference; lastKnownFileType = file.xib; path = TabSearchViewController.xib; sourceTree = "<group>"; };
		479A6D002B708F2400D9E495 /* tabbar_qr.gif */ = {isa = PBXFileReference; lastKnownFileType = image.gif; path = tabbar_qr.gif; sourceTree = "<group>"; };
		47A132ED2B820BB300ADC776 /* SettingInforTableViewCell.swift */ = {isa = PBXFileReference; lastKnownFileType = sourcecode.swift; path = SettingInforTableViewCell.swift; sourceTree = "<group>"; };
		47A132EE2B820BB300ADC776 /* SettingInforTableViewCell.xib */ = {isa = PBXFileReference; lastKnownFileType = file.xib; path = SettingInforTableViewCell.xib; sourceTree = "<group>"; };
		47A132F12B820BC600ADC776 /* TopSettingTableViewCell.swift */ = {isa = PBXFileReference; lastKnownFileType = sourcecode.swift; path = TopSettingTableViewCell.swift; sourceTree = "<group>"; };
		47A132F22B820BC600ADC776 /* TopSettingTableViewCell.xib */ = {isa = PBXFileReference; lastKnownFileType = file.xib; path = TopSettingTableViewCell.xib; sourceTree = "<group>"; };
		47A132F82B820D6E00ADC776 /* SettingCellTableViewCell.swift */ = {isa = PBXFileReference; lastKnownFileType = sourcecode.swift; path = SettingCellTableViewCell.swift; sourceTree = "<group>"; };
		47A132F92B820D6E00ADC776 /* SettingCellTableViewCell.xib */ = {isa = PBXFileReference; lastKnownFileType = file.xib; path = SettingCellTableViewCell.xib; sourceTree = "<group>"; };
		47A132FD2B820E1600ADC776 /* SettingSearchTableViewCell.swift */ = {isa = PBXFileReference; lastKnownFileType = sourcecode.swift; path = SettingSearchTableViewCell.swift; sourceTree = "<group>"; };
		47A132FE2B820E1600ADC776 /* SettingSearchTableViewCell.xib */ = {isa = PBXFileReference; lastKnownFileType = file.xib; path = SettingSearchTableViewCell.xib; sourceTree = "<group>"; };
		47A133022B820FC300ADC776 /* LogoutTableViewCell.swift */ = {isa = PBXFileReference; lastKnownFileType = sourcecode.swift; path = LogoutTableViewCell.swift; sourceTree = "<group>"; };
		47A133032B820FC300ADC776 /* LogoutTableViewCell.xib */ = {isa = PBXFileReference; lastKnownFileType = file.xib; path = LogoutTableViewCell.xib; sourceTree = "<group>"; };
		47D2B0A02B9C542500C42E3A /* TpCloneMobileApp.app */ = {isa = PBXFileReference; explicitFileType = wrapper.application; includeInIndex = 0; path = TpCloneMobileApp.app; sourceTree = BUILT_PRODUCTS_DIR; };
		47D2B0A22B9C564100C42E3A /* AdvertisementCollectionViewCell.swift */ = {isa = PBXFileReference; lastKnownFileType = sourcecode.swift; path = AdvertisementCollectionViewCell.swift; sourceTree = "<group>"; };
		47D2B0A32B9C564100C42E3A /* AdvertisementCollectionViewCell.xib */ = {isa = PBXFileReference; lastKnownFileType = file.xib; path = AdvertisementCollectionViewCell.xib; sourceTree = "<group>"; };
		47D2B0A62B9C595500C42E3A /* AccountCollectionViewCell.swift */ = {isa = PBXFileReference; lastKnownFileType = sourcecode.swift; path = AccountCollectionViewCell.swift; sourceTree = "<group>"; };
		47D2B0A72B9C595500C42E3A /* AccountCollectionViewCell.xib */ = {isa = PBXFileReference; lastKnownFileType = file.xib; path = AccountCollectionViewCell.xib; sourceTree = "<group>"; };
		47F2C1422B6CA2CD0017D932 /* AppNavigator.swift */ = {isa = PBXFileReference; lastKnownFileType = sourcecode.swift; path = AppNavigator.swift; sourceTree = "<group>"; };
		47F2C1442B6CA3040017D932 /* Storage.swift */ = {isa = PBXFileReference; lastKnownFileType = sourcecode.swift; path = Storage.swift; sourceTree = "<group>"; };
		47F2C1662B6CA3B40017D932 /* UIViewExtension.swift */ = {isa = PBXFileReference; fileEncoding = 4; lastKnownFileType = sourcecode.swift; path = UIViewExtension.swift; sourceTree = "<group>"; };
		47F2C1672B6CA3B40017D932 /* DateExtension.swift */ = {isa = PBXFileReference; fileEncoding = 4; lastKnownFileType = sourcecode.swift; path = DateExtension.swift; sourceTree = "<group>"; };
		47F2C1682B6CA3B40017D932 /* UIViewControllerExtension.swift */ = {isa = PBXFileReference; fileEncoding = 4; lastKnownFileType = sourcecode.swift; path = UIViewControllerExtension.swift; sourceTree = "<group>"; };
		47F2C1692B6CA3B40017D932 /* UIColorExtension.swift */ = {isa = PBXFileReference; fileEncoding = 4; lastKnownFileType = sourcecode.swift; path = UIColorExtension.swift; sourceTree = "<group>"; };
		47F2C16A2B6CA3B40017D932 /* IntExtension.swift */ = {isa = PBXFileReference; fileEncoding = 4; lastKnownFileType = sourcecode.swift; path = IntExtension.swift; sourceTree = "<group>"; };
		47F2C16B2B6CA3B40017D932 /* UIView+extentions.swift */ = {isa = PBXFileReference; fileEncoding = 4; lastKnownFileType = sourcecode.swift; path = "UIView+extentions.swift"; sourceTree = "<group>"; };
		47F2C16C2B6CA3B40017D932 /* UIImageExtension.swift */ = {isa = PBXFileReference; fileEncoding = 4; lastKnownFileType = sourcecode.swift; path = UIImageExtension.swift; sourceTree = "<group>"; };
		47F2C1762B6CA3DF0017D932 /* PickTimeView.swift */ = {isa = PBXFileReference; fileEncoding = 4; lastKnownFileType = sourcecode.swift; path = PickTimeView.swift; sourceTree = "<group>"; };
		47F2C1772B6CA3DF0017D932 /* PickTimeView.xib */ = {isa = PBXFileReference; fileEncoding = 4; lastKnownFileType = file.xib; path = PickTimeView.xib; sourceTree = "<group>"; };
		47F2C17C2B6CA43E0017D932 /* CommonEnum.swift */ = {isa = PBXFileReference; lastKnownFileType = sourcecode.swift; path = CommonEnum.swift; sourceTree = "<group>"; };
		47F2C1802B6CA4B50017D932 /* christmas_pre.mp4 */ = {isa = PBXFileReference; lastKnownFileType = file; path = christmas_pre.mp4; sourceTree = "<group>"; };
		47F2C1812B6CA4B50017D932 /* Tet_holiday_pre.mp4 */ = {isa = PBXFileReference; lastKnownFileType = file; path = Tet_holiday_pre.mp4; sourceTree = "<group>"; };
		47F2C1822B6CA4B50017D932 /* Tet_holiday.mp4 */ = {isa = PBXFileReference; lastKnownFileType = file; path = Tet_holiday.mp4; sourceTree = "<group>"; };
		47F2C1832B6CA4B50017D932 /* TP_Spalsh_2021_iphone_5_5s.mp4 */ = {isa = PBXFileReference; lastKnownFileType = file; path = TP_Spalsh_2021_iphone_5_5s.mp4; sourceTree = "<group>"; };
		47F2C1842B6CA4B50017D932 /* newyear.mp4 */ = {isa = PBXFileReference; lastKnownFileType = file; path = newyear.mp4; sourceTree = "<group>"; };
		47F2C1852B6CA4B50017D932 /* TP_Splash_2021.mp4 */ = {isa = PBXFileReference; lastKnownFileType = file; path = TP_Splash_2021.mp4; sourceTree = "<group>"; };
		47F2C1862B6CA4B60017D932 /* christmas.mp4 */ = {isa = PBXFileReference; lastKnownFileType = file; path = christmas.mp4; sourceTree = "<group>"; };
		47F2C1872B6CA4B60017D932 /* newyear_pre.mp4 */ = {isa = PBXFileReference; lastKnownFileType = file; path = newyear_pre.mp4; sourceTree = "<group>"; };
		47F2C1882B6CA4B60017D932 /* Tet_holiday_eve.mp4 */ = {isa = PBXFileReference; lastKnownFileType = file; path = Tet_holiday_eve.mp4; sourceTree = "<group>"; };
		47F2C1892B6CA4B60017D932 /* Tet_holiday_eve_pre.mp4 */ = {isa = PBXFileReference; lastKnownFileType = file; path = Tet_holiday_eve_pre.mp4; sourceTree = "<group>"; };
		47F2C18C2B6CA4F10017D932 /* BaseViewController.swift */ = {isa = PBXFileReference; fileEncoding = 4; lastKnownFileType = sourcecode.swift; path = BaseViewController.swift; sourceTree = "<group>"; };
		47F2C18F2B6CA51E0017D932 /* TabbarViewController.swift */ = {isa = PBXFileReference; fileEncoding = 4; lastKnownFileType = sourcecode.swift; path = TabbarViewController.swift; sourceTree = "<group>"; };
		47F2C1922B6CA5980017D932 /* LoginViewController.swift */ = {isa = PBXFileReference; lastKnownFileType = sourcecode.swift; path = LoginViewController.swift; sourceTree = "<group>"; };
		47F2C1932B6CA5980017D932 /* LoginViewController.xib */ = {isa = PBXFileReference; lastKnownFileType = file.xib; path = LoginViewController.xib; sourceTree = "<group>"; };
		47F2C19A2B6FCDF50017D932 /* TpCloneMobileApp-Bridging-Header.h */ = {isa = PBXFileReference; lastKnownFileType = sourcecode.c.h; path = "TpCloneMobileApp-Bridging-Header.h"; sourceTree = "<group>"; };
		47F2C19B2B6FCE290017D932 /* CommonConst.swift */ = {isa = PBXFileReference; lastKnownFileType = sourcecode.swift; path = CommonConst.swift; sourceTree = "<group>"; };
		47F2C1BD2B6FD6C00017D932 /* CommonUtils.swift */ = {isa = PBXFileReference; lastKnownFileType = sourcecode.swift; path = CommonUtils.swift; sourceTree = "<group>"; };
		47F2C1C32B6FEAF00017D932 /* SFUIText-Medium.ttf */ = {isa = PBXFileReference; lastKnownFileType = file; path = "SFUIText-Medium.ttf"; sourceTree = "<group>"; };
		47F2C1C42B6FEAF00017D932 /* SFUIText-RegularItalic.ttf */ = {isa = PBXFileReference; lastKnownFileType = file; path = "SFUIText-RegularItalic.ttf"; sourceTree = "<group>"; };
		47F2C1C52B6FEAF00017D932 /* b06871f281fee6b241d60582ae9369b9.ttf */ = {isa = PBXFileReference; lastKnownFileType = file; path = b06871f281fee6b241d60582ae9369b9.ttf; sourceTree = "<group>"; };
		47F2C1C62B6FEAF00017D932 /* SFUIText-RegularItalic.ttf */ = {isa = PBXFileReference; lastKnownFileType = file; name = "SFUIText-RegularItalic.ttf"; path = "../../../../../Desktop/TPBank Mobile 10.11.55/Payload/Hydrobank.app/PlugIns/TPWidgetExtension.appex/SFUIText-RegularItalic.ttf"; sourceTree = "<group>"; };
		47F2C1C72B6FEAF00017D932 /* SFUIText-Semibold.ttf */ = {isa = PBXFileReference; lastKnownFileType = file; path = "SFUIText-Semibold.ttf"; sourceTree = "<group>"; };
		47F2C1C82B6FEAF10017D932 /* HighTide-Demo.ttf */ = {isa = PBXFileReference; lastKnownFileType = file; path = "HighTide-Demo.ttf"; sourceTree = "<group>"; };
		47F2C1C92B6FEAF10017D932 /* Tharlon-Regular.ttf */ = {isa = PBXFileReference; lastKnownFileType = file; path = "Tharlon-Regular.ttf"; sourceTree = "<group>"; };
		47F2C1CA2B6FEAF10017D932 /* SFUIText-Medium.ttf */ = {isa = PBXFileReference; lastKnownFileType = file; name = "SFUIText-Medium.ttf"; path = "../../../../../Desktop/TPBank Mobile 10.11.55/Payload/Hydrobank.app/PlugIns/TPWidgetExtension.appex/SFUIText-Medium.ttf"; sourceTree = "<group>"; };
		47F2C1CB2B6FEAF10017D932 /* OpenSans-Semibold.ttf */ = {isa = PBXFileReference; lastKnownFileType = file; path = "OpenSans-Semibold.ttf"; sourceTree = "<group>"; };
		47F2C1CC2B6FEAF10017D932 /* SFUIText-Light.ttf */ = {isa = PBXFileReference; lastKnownFileType = file; path = "SFUIText-Light.ttf"; sourceTree = "<group>"; };
		47F2C1CD2B6FEAF10017D932 /* DroidSansMerged-Regular.ttf */ = {isa = PBXFileReference; lastKnownFileType = file; path = "DroidSansMerged-Regular.ttf"; sourceTree = "<group>"; };
		47F2C1CE2B6FEAF10017D932 /* SFUIText-Regular.ttf */ = {isa = PBXFileReference; lastKnownFileType = file; path = "SFUIText-Regular.ttf"; sourceTree = "<group>"; };
		47F2C1CF2B6FEAF10017D932 /* SFUIText-Light.ttf */ = {isa = PBXFileReference; lastKnownFileType = file; name = "SFUIText-Light.ttf"; path = "../../../../../Desktop/TPBank Mobile 10.11.55/Payload/Hydrobank.app/SFUIText-Light.ttf"; sourceTree = "<group>"; };
		47F2C1D02B6FEAF10017D932 /* SFUIText-Regular.ttf */ = {isa = PBXFileReference; lastKnownFileType = file; name = "SFUIText-Regular.ttf"; path = "../../../../../Desktop/TPBank Mobile 10.11.55/Payload/Hydrobank.app/PlugIns/TPWidgetExtension.appex/SFUIText-Regular.ttf"; sourceTree = "<group>"; };
		47F2C1D12B6FEAF10017D932 /* SFUIText-Semibold.ttf */ = {isa = PBXFileReference; lastKnownFileType = file; name = "SFUIText-Semibold.ttf"; path = "../../../../../Desktop/TPBank Mobile 10.11.55/Payload/Hydrobank.app/PlugIns/TPWidgetExtension.appex/SFUIText-Semibold.ttf"; sourceTree = "<group>"; };
		47F2C1D22B6FEAF10017D932 /* 1dc35d25e61d819a9c357074014867ab.ttf */ = {isa = PBXFileReference; lastKnownFileType = file; path = 1dc35d25e61d819a9c357074014867ab.ttf; sourceTree = "<group>"; };
		47F2C1D32B701C7C0017D932 /* CommonColor.swift */ = {isa = PBXFileReference; lastKnownFileType = sourcecode.swift; path = CommonColor.swift; sourceTree = "<group>"; };
		760130462B69F0F300C79D8A /* AppDelegate.swift */ = {isa = PBXFileReference; lastKnownFileType = sourcecode.swift; path = AppDelegate.swift; sourceTree = "<group>"; };
		7601304A2B69F0F300C79D8A /* ViewController.swift */ = {isa = PBXFileReference; lastKnownFileType = sourcecode.swift; path = ViewController.swift; sourceTree = "<group>"; };
		7601304D2B69F0F300C79D8A /* Base */ = {isa = PBXFileReference; lastKnownFileType = file.storyboard; name = Base; path = Base.lproj/Main.storyboard; sourceTree = "<group>"; };
		7601304F2B69F0F400C79D8A /* Assets.xcassets */ = {isa = PBXFileReference; lastKnownFileType = folder.assetcatalog; path = Assets.xcassets; sourceTree = "<group>"; };
		760130522B69F0F400C79D8A /* Base */ = {isa = PBXFileReference; lastKnownFileType = file.storyboard; name = Base; path = Base.lproj/LaunchScreen.storyboard; sourceTree = "<group>"; };
		760130542B69F0F400C79D8A /* Info.plist */ = {isa = PBXFileReference; lastKnownFileType = text.plist.xml; path = Info.plist; sourceTree = "<group>"; };
		823D69AA2B975FEA007C6476 /* TpCloneMobileApp.app */ = {isa = PBXFileReference; explicitFileType = wrapper.application; includeInIndex = 0; path = TpCloneMobileApp.app; sourceTree = BUILT_PRODUCTS_DIR; };
		823D69AC2B97620B007C6476 /* TransactionDetailsViewController.swift */ = {isa = PBXFileReference; lastKnownFileType = sourcecode.swift; path = TransactionDetailsViewController.swift; sourceTree = "<group>"; };
		823D69AD2B97620B007C6476 /* TransactionDetailsViewController.xib */ = {isa = PBXFileReference; lastKnownFileType = file.xib; path = TransactionDetailsViewController.xib; sourceTree = "<group>"; };
		823D69B12B9786A0007C6476 /* TransferMoneyViewController.swift */ = {isa = PBXFileReference; lastKnownFileType = sourcecode.swift; path = TransferMoneyViewController.swift; sourceTree = "<group>"; };
		823D69B22B9786A0007C6476 /* TransferMoneyViewController.xib */ = {isa = PBXFileReference; lastKnownFileType = file.xib; path = TransferMoneyViewController.xib; sourceTree = "<group>"; };
		823D69B62B98AFB9007C6476 /* SearchTransactionViewController.swift */ = {isa = PBXFileReference; lastKnownFileType = sourcecode.swift; path = SearchTransactionViewController.swift; sourceTree = "<group>"; };
		823D69B72B98AFB9007C6476 /* SearchTransactionViewController.xib */ = {isa = PBXFileReference; lastKnownFileType = file.xib; path = SearchTransactionViewController.xib; sourceTree = "<group>"; };
		823D69BB2B9A228B007C6476 /* SearchTransactionTableViewCell.swift */ = {isa = PBXFileReference; lastKnownFileType = sourcecode.swift; path = SearchTransactionTableViewCell.swift; sourceTree = "<group>"; };
		823D69BC2B9A228B007C6476 /* SearchTransactionTableViewCell.xib */ = {isa = PBXFileReference; lastKnownFileType = file.xib; path = SearchTransactionTableViewCell.xib; sourceTree = "<group>"; };
/* End PBXFileReference section */

/* Begin PBXFrameworksBuildPhase section */
		760130402B69F0F300C79D8A /* Frameworks */ = {
			isa = PBXFrameworksBuildPhase;
			buildActionMask = 2147483647;
			files = (
			);
			runOnlyForDeploymentPostprocessing = 0;
		};
/* End PBXFrameworksBuildPhase section */

/* Begin PBXGroup section */
		477FC4E82B709BEE002DCED2 /* Cell */ = {
			isa = PBXGroup;
			children = (
				477FC4EA2B709C0B002DCED2 /* Table */,
				477FC4E92B709C02002DCED2 /* Collection */,
			);
			path = Cell;
			sourceTree = "<group>";
		};
		477FC4E92B709C02002DCED2 /* Collection */ = {
			isa = PBXGroup;
			children = (
				4773CC892B7541EA00DB7EC1 /* TabTransferCollectionViewCell.swift */,
				4773CC8A2B7541EA00DB7EC1 /* TabTransferCollectionViewCell.xib */,
			);
			path = Collection;
			sourceTree = "<group>";
		};
		477FC4EA2B709C0B002DCED2 /* Table */ = {
			isa = PBXGroup;
			children = (
				4773CC852B7541D100DB7EC1 /* TabTransferTableViewCell.swift */,
				4773CC862B7541D100DB7EC1 /* TabTransferTableViewCell.xib */,
			);
			path = Table;
			sourceTree = "<group>";
		};
		479A6CEB2B708CBE00D9E495 /* TabTransfer */ = {
			isa = PBXGroup;
			children = (
				477FC4E82B709BEE002DCED2 /* Cell */,
				479A6CEC2B708CD200D9E495 /* TabTransferViewController.swift */,
				479A6CED2B708CD200D9E495 /* TabTransferViewController.xib */,
			);
			path = TabTransfer;
			sourceTree = "<group>";
		};
		479A6CF02B708CDE00D9E495 /* TabSetting */ = {
			isa = PBXGroup;
			children = (
				47C8D7622B8B83140060A8DD /* Header */,
				47A132EC2B820B9800ADC776 /* Cell */,
				479A6CF12B708D0700D9E495 /* TabSettingViewController.swift */,
				479A6CF22B708D0700D9E495 /* TabSettingViewController.xib */,
			);
			path = TabSetting;
			sourceTree = "<group>";
		};
		479A6CF52B708D1100D9E495 /* TabSearch */ = {
			isa = PBXGroup;
			children = (
				479A6CFB2B708D3200D9E495 /* TabSearchViewController.swift */,
				479A6CFC2B708D3200D9E495 /* TabSearchViewController.xib */,
			);
			path = TabSearch;
			sourceTree = "<group>";
		};
		479A6CF62B708D1900D9E495 /* TabHome */ = {
			isa = PBXGroup;
			children = (
				47D2B0A12B9C562C00C42E3A /* Cell */,
				479A6CF72B708D2800D9E495 /* TabHomeViewController.swift */,
				479A6CF82B708D2800D9E495 /* TabHomeViewController.xib */,
			);
			path = TabHome;
			sourceTree = "<group>";
		};
		479A6CFF2B708F1A00D9E495 /* Gif */ = {
			isa = PBXGroup;
			children = (
				479A6D002B708F2400D9E495 /* tabbar_qr.gif */,
			);
			path = Gif;
			sourceTree = "<group>";
		};
		47A132EC2B820B9800ADC776 /* Cell */ = {
			isa = PBXGroup;
			children = (
				47A133012B820FB900ADC776 /* Logout */,
				47A132FC2B820E0B00ADC776 /* Search */,
				47A132F72B820D5F00ADC776 /* SettingCell */,
				47A132F62B820BDD00ADC776 /* Infor */,
				47A132F52B820BCC00ADC776 /* TopSetting */,
			);
			path = Cell;
			sourceTree = "<group>";
		};
		47A132F52B820BCC00ADC776 /* TopSetting */ = {
			isa = PBXGroup;
			children = (
				47A132F12B820BC600ADC776 /* TopSettingTableViewCell.swift */,
				47A132F22B820BC600ADC776 /* TopSettingTableViewCell.xib */,
			);
			path = TopSetting;
			sourceTree = "<group>";
		};
		47A132F62B820BDD00ADC776 /* Infor */ = {
			isa = PBXGroup;
			children = (
				47A132ED2B820BB300ADC776 /* SettingInforTableViewCell.swift */,
				47A132EE2B820BB300ADC776 /* SettingInforTableViewCell.xib */,
			);
			path = Infor;
			sourceTree = "<group>";
		};
		47A132F72B820D5F00ADC776 /* SettingCell */ = {
			isa = PBXGroup;
			children = (
				47A132F82B820D6E00ADC776 /* SettingCellTableViewCell.swift */,
				47A132F92B820D6E00ADC776 /* SettingCellTableViewCell.xib */,
			);
			path = SettingCell;
			sourceTree = "<group>";
		};
		47A132FC2B820E0B00ADC776 /* Search */ = {
			isa = PBXGroup;
			children = (
				47A132FD2B820E1600ADC776 /* SettingSearchTableViewCell.swift */,
				47A132FE2B820E1600ADC776 /* SettingSearchTableViewCell.xib */,
			);
			path = Search;
			sourceTree = "<group>";
		};
		47A133012B820FB900ADC776 /* Logout */ = {
			isa = PBXGroup;
			children = (
				47A133022B820FC300ADC776 /* LogoutTableViewCell.swift */,
				47A133032B820FC300ADC776 /* LogoutTableViewCell.xib */,
			);
			path = Logout;
			sourceTree = "<group>";
		};
		47C8D7622B8B83140060A8DD /* Header */ = {
			isa = PBXGroup;
			children = (
			);
			path = Header;
			sourceTree = "<group>";
		};
		47D2B0A12B9C562C00C42E3A /* Cell */ = {
			isa = PBXGroup;
			children = (
				47D2B0A22B9C564100C42E3A /* AdvertisementCollectionViewCell.swift */,
				47D2B0A32B9C564100C42E3A /* AdvertisementCollectionViewCell.xib */,
				47D2B0A62B9C595500C42E3A /* AccountCollectionViewCell.swift */,
				47D2B0A72B9C595500C42E3A /* AccountCollectionViewCell.xib */,
			);
			path = Cell;
			sourceTree = "<group>";
		};
		47F2C1622B6CA3750017D932 /* Screens */ = {
			isa = PBXGroup;
			children = (
				47F2C1912B6CA58B0017D932 /* Login */,
				47F2C18E2B6CA51E0017D932 /* Tabbar */,
				823D69AB2B9761D3007C6476 /* TransactionDetails */,
				823D69B02B978614007C6476 /* TransferMoney */,
				823D69B52B98AF91007C6476 /* SearchTransaction */,
			);
			path = Screens;
			sourceTree = "<group>";
		};
		47F2C1632B6CA38A0017D932 /* Common */ = {
			isa = PBXGroup;
			children = (
				47F2C1442B6CA3040017D932 /* Storage.swift */,
				47F2C17C2B6CA43E0017D932 /* CommonEnum.swift */,
				47F2C19B2B6FCE290017D932 /* CommonConst.swift */,
				47F2C1BD2B6FD6C00017D932 /* CommonUtils.swift */,
				47F2C1D32B701C7C0017D932 /* CommonColor.swift */,
			);
			path = Common;
			sourceTree = "<group>";
		};
		47F2C1642B6CA3910017D932 /* Base */ = {
			isa = PBXGroup;
			children = (
				47F2C18C2B6CA4F10017D932 /* BaseViewController.swift */,
			);
			path = Base;
			sourceTree = "<group>";
		};
		47F2C1652B6CA39C0017D932 /* Extension */ = {
			isa = PBXGroup;
			children = (
				47F2C1672B6CA3B40017D932 /* DateExtension.swift */,
				47F2C16A2B6CA3B40017D932 /* IntExtension.swift */,
				47F2C1692B6CA3B40017D932 /* UIColorExtension.swift */,
				47F2C16C2B6CA3B40017D932 /* UIImageExtension.swift */,
				47F2C16B2B6CA3B40017D932 /* UIView+extentions.swift */,
				47F2C1682B6CA3B40017D932 /* UIViewControllerExtension.swift */,
				47F2C1662B6CA3B40017D932 /* UIViewExtension.swift */,
			);
			path = Extension;
			sourceTree = "<group>";
		};
		47F2C1742B6CA3D30017D932 /* CustomView */ = {
			isa = PBXGroup;
			children = (
				47F2C1752B6CA3DF0017D932 /* PickTime */,
			);
			path = CustomView;
			sourceTree = "<group>";
		};
		47F2C1752B6CA3DF0017D932 /* PickTime */ = {
			isa = PBXGroup;
			children = (
				47F2C1762B6CA3DF0017D932 /* PickTimeView.swift */,
				47F2C1772B6CA3DF0017D932 /* PickTimeView.xib */,
			);
			path = PickTime;
			sourceTree = "<group>";
		};
		47F2C17A2B6CA4070017D932 /* AppResources */ = {
			isa = PBXGroup;
			children = (
				47F2C1C22B6FEAE70017D932 /* Font */,
				760130462B69F0F300C79D8A /* AppDelegate.swift */,
				47F2C1422B6CA2CD0017D932 /* AppNavigator.swift */,
				7601304A2B69F0F300C79D8A /* ViewController.swift */,
				7601304C2B69F0F300C79D8A /* Main.storyboard */,
				760130512B69F0F400C79D8A /* LaunchScreen.storyboard */,
			);
			path = AppResources;
			sourceTree = "<group>";
		};
		47F2C17F2B6CA4710017D932 /* Animation */ = {
			isa = PBXGroup;
			children = (
				479A6CFF2B708F1A00D9E495 /* Gif */,
				47F2C18B2B6CA4CA0017D932 /* Json */,
				47F2C18A2B6CA4C40017D932 /* Video */,
			);
			path = Animation;
			sourceTree = "<group>";
		};
		47F2C18A2B6CA4C40017D932 /* Video */ = {
			isa = PBXGroup;
			children = (
				47F2C1802B6CA4B50017D932 /* christmas_pre.mp4 */,
				47F2C1862B6CA4B60017D932 /* christmas.mp4 */,
				47F2C1872B6CA4B60017D932 /* newyear_pre.mp4 */,
				47F2C1842B6CA4B50017D932 /* newyear.mp4 */,
				47F2C1892B6CA4B60017D932 /* Tet_holiday_eve_pre.mp4 */,
				47F2C1882B6CA4B60017D932 /* Tet_holiday_eve.mp4 */,
				47F2C1812B6CA4B50017D932 /* Tet_holiday_pre.mp4 */,
				47F2C1822B6CA4B50017D932 /* Tet_holiday.mp4 */,
				47F2C1832B6CA4B50017D932 /* TP_Spalsh_2021_iphone_5_5s.mp4 */,
				47F2C1852B6CA4B50017D932 /* TP_Splash_2021.mp4 */,
			);
			path = Video;
			sourceTree = "<group>";
		};
		47F2C18B2B6CA4CA0017D932 /* Json */ = {
			isa = PBXGroup;
			children = (
			);
			path = Json;
			sourceTree = "<group>";
		};
		47F2C18E2B6CA51E0017D932 /* Tabbar */ = {
			isa = PBXGroup;
			children = (
				47F2C18F2B6CA51E0017D932 /* TabbarViewController.swift */,
				479A6CF62B708D1900D9E495 /* TabHome */,
				479A6CF52B708D1100D9E495 /* TabSearch */,
				479A6CF02B708CDE00D9E495 /* TabSetting */,
				479A6CEB2B708CBE00D9E495 /* TabTransfer */,
			);
			path = Tabbar;
			sourceTree = "<group>";
		};
		47F2C1912B6CA58B0017D932 /* Login */ = {
			isa = PBXGroup;
			children = (
				47F2C1922B6CA5980017D932 /* LoginViewController.swift */,
				47F2C1932B6CA5980017D932 /* LoginViewController.xib */,
			);
			path = Login;
			sourceTree = "<group>";
		};
		47F2C1992B6FCDC30017D932 /* Library */ = {
			isa = PBXGroup;
			children = (
				47F2C19A2B6FCDF50017D932 /* TpCloneMobileApp-Bridging-Header.h */,
			);
			path = Library;
			sourceTree = "<group>";
		};
		47F2C1C22B6FEAE70017D932 /* Font */ = {
			isa = PBXGroup;
			children = (
				47F2C1D22B6FEAF10017D932 /* 1dc35d25e61d819a9c357074014867ab.ttf */,
				47F2C1C52B6FEAF00017D932 /* b06871f281fee6b241d60582ae9369b9.ttf */,
				47F2C1CD2B6FEAF10017D932 /* DroidSansMerged-Regular.ttf */,
				47F2C1C82B6FEAF10017D932 /* HighTide-Demo.ttf */,
				47F2C1CB2B6FEAF10017D932 /* OpenSans-Semibold.ttf */,
				47F2C1CF2B6FEAF10017D932 /* SFUIText-Light.ttf */,
				47F2C1CC2B6FEAF10017D932 /* SFUIText-Light.ttf */,
				47F2C1CA2B6FEAF10017D932 /* SFUIText-Medium.ttf */,
				47F2C1C32B6FEAF00017D932 /* SFUIText-Medium.ttf */,
				47F2C1D02B6FEAF10017D932 /* SFUIText-Regular.ttf */,
				47F2C1CE2B6FEAF10017D932 /* SFUIText-Regular.ttf */,
				47F2C1C62B6FEAF00017D932 /* SFUIText-RegularItalic.ttf */,
				47F2C1D12B6FEAF10017D932 /* SFUIText-Semibold.ttf */,
				47F2C1C72B6FEAF00017D932 /* SFUIText-Semibold.ttf */,
				47F2C1C92B6FEAF10017D932 /* Tharlon-Regular.ttf */,
				47F2C1C42B6FEAF00017D932 /* SFUIText-RegularItalic.ttf */,
			);
			path = Font;
			sourceTree = "<group>";
		};
		7601303A2B69F0F300C79D8A = {
			isa = PBXGroup;
			children = (
				760130452B69F0F300C79D8A /* TpCloneMobileApp */,
				47D2B0A02B9C542500C42E3A /* TpCloneMobileApp.app */,
			);
			sourceTree = "<group>";
		};
		760130452B69F0F300C79D8A /* TpCloneMobileApp */ = {
			isa = PBXGroup;
			children = (
				47F2C1992B6FCDC30017D932 /* Library */,
				7601304F2B69F0F400C79D8A /* Assets.xcassets */,
				760130542B69F0F400C79D8A /* Info.plist */,
				47F2C17F2B6CA4710017D932 /* Animation */,
				47F2C17A2B6CA4070017D932 /* AppResources */,
				47F2C1742B6CA3D30017D932 /* CustomView */,
				47F2C1652B6CA39C0017D932 /* Extension */,
				47F2C1642B6CA3910017D932 /* Base */,
				47F2C1632B6CA38A0017D932 /* Common */,
				47F2C1622B6CA3750017D932 /* Screens */,
			);
			path = TpCloneMobileApp;
			sourceTree = "<group>";
		};
		823D69AB2B9761D3007C6476 /* TransactionDetails */ = {
			isa = PBXGroup;
			children = (
				823D69AC2B97620B007C6476 /* TransactionDetailsViewController.swift */,
				823D69AD2B97620B007C6476 /* TransactionDetailsViewController.xib */,
			);
			path = TransactionDetails;
			sourceTree = "<group>";
		};
		823D69B02B978614007C6476 /* TransferMoney */ = {
			isa = PBXGroup;
			children = (
				823D69B12B9786A0007C6476 /* TransferMoneyViewController.swift */,
				823D69B22B9786A0007C6476 /* TransferMoneyViewController.xib */,
			);
			path = TransferMoney;
			sourceTree = "<group>";
		};
		823D69B52B98AF91007C6476 /* SearchTransaction */ = {
			isa = PBXGroup;
			children = (
				823D69B62B98AFB9007C6476 /* SearchTransactionViewController.swift */,
				823D69B72B98AFB9007C6476 /* SearchTransactionViewController.xib */,
				823D69BA2B9A2260007C6476 /* TableViewCell */,
			);
			path = SearchTransaction;
			sourceTree = "<group>";
		};
		823D69BA2B9A2260007C6476 /* TableViewCell */ = {
			isa = PBXGroup;
			children = (
				823D69BB2B9A228B007C6476 /* SearchTransactionTableViewCell.swift */,
				823D69BC2B9A228B007C6476 /* SearchTransactionTableViewCell.xib */,
			);
			path = TableViewCell;
			sourceTree = "<group>";
		};
/* End PBXGroup section */

/* Begin PBXNativeTarget section */
		760130422B69F0F300C79D8A /* TpCloneMobileApp */ = {
			isa = PBXNativeTarget;
			buildConfigurationList = 760130572B69F0F400C79D8A /* Build configuration list for PBXNativeTarget "TpCloneMobileApp" */;
			buildPhases = (
				7601303F2B69F0F300C79D8A /* Sources */,
				760130402B69F0F300C79D8A /* Frameworks */,
				760130412B69F0F300C79D8A /* Resources */,
			);
			buildRules = (
			);
			dependencies = (
			);
			name = TpCloneMobileApp;
			productName = TpCloneMobileApp;
			productReference = 47D2B0A02B9C542500C42E3A /* TpCloneMobileApp.app */;
			productType = "com.apple.product-type.application";
		};
/* End PBXNativeTarget section */

/* Begin PBXProject section */
		7601303B2B69F0F300C79D8A /* Project object */ = {
			isa = PBXProject;
			attributes = {
				BuildIndependentTargetsInParallel = 1;
				LastSwiftUpdateCheck = 1500;
				LastUpgradeCheck = 1500;
				TargetAttributes = {
					760130422B69F0F300C79D8A = {
						CreatedOnToolsVersion = 15.0;
						LastSwiftMigration = 1430;
					};
				};
			};
			buildConfigurationList = 7601303E2B69F0F300C79D8A /* Build configuration list for PBXProject "TpCloneMobileApp" */;
			compatibilityVersion = "Xcode 14.0";
			developmentRegion = en;
			hasScannedForEncodings = 0;
			knownRegions = (
				en,
				Base,
			);
			mainGroup = 7601303A2B69F0F300C79D8A;
			productRefGroup = 7601303A2B69F0F300C79D8A;
			projectDirPath = "";
			projectRoot = "";
			targets = (
				760130422B69F0F300C79D8A /* TpCloneMobileApp */,
			);
		};
/* End PBXProject section */

/* Begin PBXResourcesBuildPhase section */
		760130412B69F0F300C79D8A /* Resources */ = {
			isa = PBXResourcesBuildPhase;
			buildActionMask = 2147483647;
			files = (
				823D69B42B9786A0007C6476 /* TransferMoneyViewController.xib in Resources */,
				479A6CFE2B708D3200D9E495 /* TabSearchViewController.xib in Resources */,
				47F2C1C02B6FD9640017D932 /* Tet_holiday_eve_pre.mp4 in Resources */,
				47A133002B820E1600ADC776 /* SettingSearchTableViewCell.xib in Resources */,
				479A6CF42B708D0700D9E495 /* TabSettingViewController.xib in Resources */,
				479A6CFA2B708D2800D9E495 /* TabHomeViewController.xib in Resources */,
				47F2C1C12B6FD9640017D932 /* Tet_holiday_eve.mp4 in Resources */,
				479A6D012B708F2400D9E495 /* tabbar_qr.gif in Resources */,
				4773CC882B7541D100DB7EC1 /* TabTransferTableViewCell.xib in Resources */,
				4773CC8C2B7541EA00DB7EC1 /* TabTransferCollectionViewCell.xib in Resources */,
				479A6CEF2B708CD200D9E495 /* TabTransferViewController.xib in Resources */,
				47F2C1BF2B6FD95D0017D932 /* Tet_holiday.mp4 in Resources */,
				47D2B0A52B9C564100C42E3A /* AdvertisementCollectionViewCell.xib in Resources */,
				47F2C1952B6CA5980017D932 /* LoginViewController.xib in Resources */,
				760130532B69F0F400C79D8A /* LaunchScreen.storyboard in Resources */,
				760130502B69F0F400C79D8A /* Assets.xcassets in Resources */,
				47A132F02B820BB300ADC776 /* SettingInforTableViewCell.xib in Resources */,
				47A132FB2B820D6E00ADC776 /* SettingCellTableViewCell.xib in Resources */,
				47F2C1792B6CA3DF0017D932 /* PickTimeView.xib in Resources */,
				47D2B0A92B9C595500C42E3A /* AccountCollectionViewCell.xib in Resources */,
				823D69BE2B9A228B007C6476 /* SearchTransactionTableViewCell.xib in Resources */,
				47A133052B820FC300ADC776 /* LogoutTableViewCell.xib in Resources */,
				823D69AF2B97620B007C6476 /* TransactionDetailsViewController.xib in Resources */,
				47A132F42B820BC600ADC776 /* TopSettingTableViewCell.xib in Resources */,
				823D69B92B98AFB9007C6476 /* SearchTransactionViewController.xib in Resources */,
				7601304E2B69F0F300C79D8A /* Main.storyboard in Resources */,
			);
			runOnlyForDeploymentPostprocessing = 0;
		};
/* End PBXResourcesBuildPhase section */

/* Begin PBXSourcesBuildPhase section */
		7601303F2B69F0F300C79D8A /* Sources */ = {
			isa = PBXSourcesBuildPhase;
			buildActionMask = 2147483647;
			files = (
				479A6CF32B708D0700D9E495 /* TabSettingViewController.swift in Sources */,
				47F2C16E2B6CA3B40017D932 /* DateExtension.swift in Sources */,
				823D69B82B98AFB9007C6476 /* SearchTransactionViewController.swift in Sources */,
				47F2C1D42B701C7C0017D932 /* CommonColor.swift in Sources */,
				823D69BD2B9A228B007C6476 /* SearchTransactionTableViewCell.swift in Sources */,
				47F2C1722B6CA3B40017D932 /* UIView+extentions.swift in Sources */,
				47D2B0A42B9C564100C42E3A /* AdvertisementCollectionViewCell.swift in Sources */,
				7601304B2B69F0F300C79D8A /* ViewController.swift in Sources */,
				47F2C18D2B6CA4F10017D932 /* BaseViewController.swift in Sources */,
				47F2C17D2B6CA43E0017D932 /* CommonEnum.swift in Sources */,
				47F2C1452B6CA3040017D932 /* Storage.swift in Sources */,
				4773CC872B7541D100DB7EC1 /* TabTransferTableViewCell.swift in Sources */,
				47F2C1942B6CA5980017D932 /* LoginViewController.swift in Sources */,
				47F2C1902B6CA51E0017D932 /* TabbarViewController.swift in Sources */,
				47A133042B820FC300ADC776 /* LogoutTableViewCell.swift in Sources */,
				47F2C1732B6CA3B40017D932 /* UIImageExtension.swift in Sources */,
				47D2B0A82B9C595500C42E3A /* AccountCollectionViewCell.swift in Sources */,
				47A132FF2B820E1600ADC776 /* SettingSearchTableViewCell.swift in Sources */,
				47F2C1712B6CA3B40017D932 /* IntExtension.swift in Sources */,
				479A6CFD2B708D3200D9E495 /* TabSearchViewController.swift in Sources */,
				47F2C16D2B6CA3B40017D932 /* UIViewExtension.swift in Sources */,
				47F2C19C2B6FCE290017D932 /* CommonConst.swift in Sources */,
				479A6CEE2B708CD200D9E495 /* TabTransferViewController.swift in Sources */,
				47A132F32B820BC600ADC776 /* TopSettingTableViewCell.swift in Sources */,
				47A132FA2B820D6E00ADC776 /* SettingCellTableViewCell.swift in Sources */,
				760130472B69F0F300C79D8A /* AppDelegate.swift in Sources */,
				47F2C16F2B6CA3B40017D932 /* UIViewControllerExtension.swift in Sources */,
				479A6CF92B708D2800D9E495 /* TabHomeViewController.swift in Sources */,
				823D69B32B9786A0007C6476 /* TransferMoneyViewController.swift in Sources */,
				47F2C1432B6CA2CD0017D932 /* AppNavigator.swift in Sources */,
				47A132EF2B820BB300ADC776 /* SettingInforTableViewCell.swift in Sources */,
				47F2C1782B6CA3DF0017D932 /* PickTimeView.swift in Sources */,
				823D69AE2B97620B007C6476 /* TransactionDetailsViewController.swift in Sources */,
				4773CC8B2B7541EA00DB7EC1 /* TabTransferCollectionViewCell.swift in Sources */,
				47F2C1BE2B6FD6C00017D932 /* CommonUtils.swift in Sources */,
				47F2C1702B6CA3B40017D932 /* UIColorExtension.swift in Sources */,
			);
			runOnlyForDeploymentPostprocessing = 0;
		};
/* End PBXSourcesBuildPhase section */

/* Begin PBXVariantGroup section */
		7601304C2B69F0F300C79D8A /* Main.storyboard */ = {
			isa = PBXVariantGroup;
			children = (
				7601304D2B69F0F300C79D8A /* Base */,
			);
			name = Main.storyboard;
			sourceTree = "<group>";
		};
		760130512B69F0F400C79D8A /* LaunchScreen.storyboard */ = {
			isa = PBXVariantGroup;
			children = (
				760130522B69F0F400C79D8A /* Base */,
			);
			name = LaunchScreen.storyboard;
			sourceTree = "<group>";
		};
/* End PBXVariantGroup section */

/* Begin XCBuildConfiguration section */
		760130552B69F0F400C79D8A /* Debug */ = {
			isa = XCBuildConfiguration;
			buildSettings = {
				ALWAYS_SEARCH_USER_PATHS = NO;
				ASSETCATALOG_COMPILER_GENERATE_SWIFT_ASSET_SYMBOL_EXTENSIONS = YES;
				CLANG_ANALYZER_NONNULL = YES;
				CLANG_ANALYZER_NUMBER_OBJECT_CONVERSION = YES_AGGRESSIVE;
				CLANG_CXX_LANGUAGE_STANDARD = "gnu++20";
				CLANG_ENABLE_MODULES = YES;
				CLANG_ENABLE_OBJC_ARC = YES;
				CLANG_ENABLE_OBJC_WEAK = YES;
				CLANG_WARN_BLOCK_CAPTURE_AUTORELEASING = YES;
				CLANG_WARN_BOOL_CONVERSION = YES;
				CLANG_WARN_COMMA = YES;
				CLANG_WARN_CONSTANT_CONVERSION = YES;
				CLANG_WARN_DEPRECATED_OBJC_IMPLEMENTATIONS = YES;
				CLANG_WARN_DIRECT_OBJC_ISA_USAGE = YES_ERROR;
				CLANG_WARN_DOCUMENTATION_COMMENTS = YES;
				CLANG_WARN_EMPTY_BODY = YES;
				CLANG_WARN_ENUM_CONVERSION = YES;
				CLANG_WARN_INFINITE_RECURSION = YES;
				CLANG_WARN_INT_CONVERSION = YES;
				CLANG_WARN_NON_LITERAL_NULL_CONVERSION = YES;
				CLANG_WARN_OBJC_IMPLICIT_RETAIN_SELF = YES;
				CLANG_WARN_OBJC_LITERAL_CONVERSION = YES;
				CLANG_WARN_OBJC_ROOT_CLASS = YES_ERROR;
				CLANG_WARN_QUOTED_INCLUDE_IN_FRAMEWORK_HEADER = YES;
				CLANG_WARN_RANGE_LOOP_ANALYSIS = YES;
				CLANG_WARN_STRICT_PROTOTYPES = YES;
				CLANG_WARN_SUSPICIOUS_MOVE = YES;
				CLANG_WARN_UNGUARDED_AVAILABILITY = YES_AGGRESSIVE;
				CLANG_WARN_UNREACHABLE_CODE = YES;
				CLANG_WARN__DUPLICATE_METHOD_MATCH = YES;
				COPY_PHASE_STRIP = NO;
				DEBUG_INFORMATION_FORMAT = dwarf;
				ENABLE_STRICT_OBJC_MSGSEND = YES;
				ENABLE_TESTABILITY = YES;
				ENABLE_USER_SCRIPT_SANDBOXING = YES;
				GCC_C_LANGUAGE_STANDARD = gnu17;
				GCC_DYNAMIC_NO_PIC = NO;
				GCC_NO_COMMON_BLOCKS = YES;
				GCC_OPTIMIZATION_LEVEL = 0;
				GCC_PREPROCESSOR_DEFINITIONS = (
					"DEBUG=1",
					"$(inherited)",
				);
				GCC_WARN_64_TO_32_BIT_CONVERSION = YES;
				GCC_WARN_ABOUT_RETURN_TYPE = YES_ERROR;
				GCC_WARN_UNDECLARED_SELECTOR = YES;
				GCC_WARN_UNINITIALIZED_AUTOS = YES_AGGRESSIVE;
				GCC_WARN_UNUSED_FUNCTION = YES;
				GCC_WARN_UNUSED_VARIABLE = YES;
				IPHONEOS_DEPLOYMENT_TARGET = 17.0;
				LOCALIZATION_PREFERS_STRING_CATALOGS = YES;
				MTL_ENABLE_DEBUG_INFO = INCLUDE_SOURCE;
				MTL_FAST_MATH = YES;
				ONLY_ACTIVE_ARCH = YES;
				SDKROOT = iphoneos;
				SWIFT_ACTIVE_COMPILATION_CONDITIONS = "DEBUG $(inherited)";
				SWIFT_OPTIMIZATION_LEVEL = "-Onone";
			};
			name = Debug;
		};
		760130562B69F0F400C79D8A /* Release */ = {
			isa = XCBuildConfiguration;
			buildSettings = {
				ALWAYS_SEARCH_USER_PATHS = NO;
				ASSETCATALOG_COMPILER_GENERATE_SWIFT_ASSET_SYMBOL_EXTENSIONS = YES;
				CLANG_ANALYZER_NONNULL = YES;
				CLANG_ANALYZER_NUMBER_OBJECT_CONVERSION = YES_AGGRESSIVE;
				CLANG_CXX_LANGUAGE_STANDARD = "gnu++20";
				CLANG_ENABLE_MODULES = YES;
				CLANG_ENABLE_OBJC_ARC = YES;
				CLANG_ENABLE_OBJC_WEAK = YES;
				CLANG_WARN_BLOCK_CAPTURE_AUTORELEASING = YES;
				CLANG_WARN_BOOL_CONVERSION = YES;
				CLANG_WARN_COMMA = YES;
				CLANG_WARN_CONSTANT_CONVERSION = YES;
				CLANG_WARN_DEPRECATED_OBJC_IMPLEMENTATIONS = YES;
				CLANG_WARN_DIRECT_OBJC_ISA_USAGE = YES_ERROR;
				CLANG_WARN_DOCUMENTATION_COMMENTS = YES;
				CLANG_WARN_EMPTY_BODY = YES;
				CLANG_WARN_ENUM_CONVERSION = YES;
				CLANG_WARN_INFINITE_RECURSION = YES;
				CLANG_WARN_INT_CONVERSION = YES;
				CLANG_WARN_NON_LITERAL_NULL_CONVERSION = YES;
				CLANG_WARN_OBJC_IMPLICIT_RETAIN_SELF = YES;
				CLANG_WARN_OBJC_LITERAL_CONVERSION = YES;
				CLANG_WARN_OBJC_ROOT_CLASS = YES_ERROR;
				CLANG_WARN_QUOTED_INCLUDE_IN_FRAMEWORK_HEADER = YES;
				CLANG_WARN_RANGE_LOOP_ANALYSIS = YES;
				CLANG_WARN_STRICT_PROTOTYPES = YES;
				CLANG_WARN_SUSPICIOUS_MOVE = YES;
				CLANG_WARN_UNGUARDED_AVAILABILITY = YES_AGGRESSIVE;
				CLANG_WARN_UNREACHABLE_CODE = YES;
				CLANG_WARN__DUPLICATE_METHOD_MATCH = YES;
				COPY_PHASE_STRIP = NO;
				DEBUG_INFORMATION_FORMAT = "dwarf-with-dsym";
				ENABLE_NS_ASSERTIONS = NO;
				ENABLE_STRICT_OBJC_MSGSEND = YES;
				ENABLE_USER_SCRIPT_SANDBOXING = YES;
				GCC_C_LANGUAGE_STANDARD = gnu17;
				GCC_NO_COMMON_BLOCKS = YES;
				GCC_WARN_64_TO_32_BIT_CONVERSION = YES;
				GCC_WARN_ABOUT_RETURN_TYPE = YES_ERROR;
				GCC_WARN_UNDECLARED_SELECTOR = YES;
				GCC_WARN_UNINITIALIZED_AUTOS = YES_AGGRESSIVE;
				GCC_WARN_UNUSED_FUNCTION = YES;
				GCC_WARN_UNUSED_VARIABLE = YES;
				IPHONEOS_DEPLOYMENT_TARGET = 17.0;
				LOCALIZATION_PREFERS_STRING_CATALOGS = YES;
				MTL_ENABLE_DEBUG_INFO = NO;
				MTL_FAST_MATH = YES;
				SDKROOT = iphoneos;
				SWIFT_COMPILATION_MODE = wholemodule;
				VALIDATE_PRODUCT = YES;
			};
			name = Release;
		};
		760130582B69F0F400C79D8A /* Debug */ = {
			isa = XCBuildConfiguration;
			buildSettings = {
				ASSETCATALOG_COMPILER_APPICON_NAME = AppIcon;
				ASSETCATALOG_COMPILER_GLOBAL_ACCENT_COLOR_NAME = AccentColor;
				CLANG_ENABLE_MODULES = YES;
				CODE_SIGN_STYLE = Automatic;
				CURRENT_PROJECT_VERSION = 1;
				DEVELOPMENT_TEAM = G2KXX7Y4LG;
				GENERATE_INFOPLIST_FILE = YES;
				INFOPLIST_FILE = TpCloneMobileApp/Info.plist;
				INFOPLIST_KEY_CFBundleDisplayName = "TPBank Mobile";
				INFOPLIST_KEY_UIApplicationSupportsIndirectInputEvents = YES;
				INFOPLIST_KEY_UILaunchStoryboardName = LaunchScreen;
				INFOPLIST_KEY_UIMainStoryboardFile = Main;
				INFOPLIST_KEY_UISupportedInterfaceOrientations_iPad = "UIInterfaceOrientationPortrait UIInterfaceOrientationPortraitUpsideDown UIInterfaceOrientationLandscapeLeft UIInterfaceOrientationLandscapeRight";
				INFOPLIST_KEY_UISupportedInterfaceOrientations_iPhone = "UIInterfaceOrientationPortrait UIInterfaceOrientationLandscapeLeft UIInterfaceOrientationLandscapeRight";
				IPHONEOS_DEPLOYMENT_TARGET = 13.0;
				LD_RUNPATH_SEARCH_PATHS = (
					"$(inherited)",
					"@executable_path/Frameworks",
				);
				MARKETING_VERSION = 1.0;
				PRODUCT_BUNDLE_IDENTIFIER = appTP.clone.TpCloneMobileApp;
				PRODUCT_NAME = "$(TARGET_NAME)";
				SWIFT_EMIT_LOC_STRINGS = YES;
				SWIFT_OBJC_BRIDGING_HEADER = "TpCloneMobileApp/Library/TpCloneMobileApp-Bridging-Header.h";
				SWIFT_OPTIMIZATION_LEVEL = "-Onone";
				SWIFT_VERSION = 5.0;
				TARGETED_DEVICE_FAMILY = "1,2";
			};
			name = Debug;
		};
		760130592B69F0F400C79D8A /* Release */ = {
			isa = XCBuildConfiguration;
			buildSettings = {
				ASSETCATALOG_COMPILER_APPICON_NAME = AppIcon;
				ASSETCATALOG_COMPILER_GLOBAL_ACCENT_COLOR_NAME = AccentColor;
				CLANG_ENABLE_MODULES = YES;
				CODE_SIGN_STYLE = Automatic;
				CURRENT_PROJECT_VERSION = 1;
				DEVELOPMENT_TEAM = G2KXX7Y4LG;
				GENERATE_INFOPLIST_FILE = YES;
				INFOPLIST_FILE = TpCloneMobileApp/Info.plist;
				INFOPLIST_KEY_CFBundleDisplayName = "TPBank Mobile";
				INFOPLIST_KEY_UIApplicationSupportsIndirectInputEvents = YES;
				INFOPLIST_KEY_UILaunchStoryboardName = LaunchScreen;
				INFOPLIST_KEY_UIMainStoryboardFile = Main;
				INFOPLIST_KEY_UISupportedInterfaceOrientations_iPad = "UIInterfaceOrientationPortrait UIInterfaceOrientationPortraitUpsideDown UIInterfaceOrientationLandscapeLeft UIInterfaceOrientationLandscapeRight";
				INFOPLIST_KEY_UISupportedInterfaceOrientations_iPhone = "UIInterfaceOrientationPortrait UIInterfaceOrientationLandscapeLeft UIInterfaceOrientationLandscapeRight";
				IPHONEOS_DEPLOYMENT_TARGET = 13.0;
				LD_RUNPATH_SEARCH_PATHS = (
					"$(inherited)",
					"@executable_path/Frameworks",
				);
				MARKETING_VERSION = 1.0;
				PRODUCT_BUNDLE_IDENTIFIER = appTP.clone.TpCloneMobileApp;
				PRODUCT_NAME = "$(TARGET_NAME)";
				SWIFT_EMIT_LOC_STRINGS = YES;
				SWIFT_OBJC_BRIDGING_HEADER = "TpCloneMobileApp/Library/TpCloneMobileApp-Bridging-Header.h";
				SWIFT_VERSION = 5.0;
				TARGETED_DEVICE_FAMILY = "1,2";
			};
			name = Release;
		};
/* End XCBuildConfiguration section */

/* Begin XCConfigurationList section */
		7601303E2B69F0F300C79D8A /* Build configuration list for PBXProject "TpCloneMobileApp" */ = {
			isa = XCConfigurationList;
			buildConfigurations = (
				760130552B69F0F400C79D8A /* Debug */,
				760130562B69F0F400C79D8A /* Release */,
			);
			defaultConfigurationIsVisible = 0;
			defaultConfigurationName = Release;
		};
		760130572B69F0F400C79D8A /* Build configuration list for PBXNativeTarget "TpCloneMobileApp" */ = {
			isa = XCConfigurationList;
			buildConfigurations = (
				760130582B69F0F400C79D8A /* Debug */,
				760130592B69F0F400C79D8A /* Release */,
			);
			defaultConfigurationIsVisible = 0;
			defaultConfigurationName = Release;
		};
/* End XCConfigurationList section */
	};
	rootObject = 7601303B2B69F0F300C79D8A /* Project object */;
}
